// !$*UTF8*$!
{
	archiveVersion = 1;
	classes = {
	};
	objectVersion = 55;
	objects = {

/* Begin PBXBuildFile section */
		4F567825280E1A3400E98764 /* AppDelegate.swift in Sources */ = {isa = PBXBuildFile; fileRef = 4F567824280E1A3400E98764 /* AppDelegate.swift */; };
		4F567827280E1A3400E98764 /* SceneDelegate.swift in Sources */ = {isa = PBXBuildFile; fileRef = 4F567826280E1A3400E98764 /* SceneDelegate.swift */; };
		4F567829280E1A3400E98764 /* ViewController.swift in Sources */ = {isa = PBXBuildFile; fileRef = 4F567828280E1A3400E98764 /* ViewController.swift */; };
		4F56782E280E1A3600E98764 /* Assets.xcassets in Resources */ = {isa = PBXBuildFile; fileRef = 4F56782D280E1A3600E98764 /* Assets.xcassets */; };
		4F567831280E1A3600E98764 /* LaunchScreen.storyboard in Resources */ = {isa = PBXBuildFile; fileRef = 4F56782F280E1A3600E98764 /* LaunchScreen.storyboard */; };
		4F567839280E22A300E98764 /* Trip Detail.storyboard in Resources */ = {isa = PBXBuildFile; fileRef = 4F567838280E22A300E98764 /* Trip Detail.storyboard */; };
		4F56783D280E2FD400E98764 /* Poppins in Resources */ = {isa = PBXBuildFile; fileRef = 4F56783C280E2FD400E98764 /* Poppins */; };
		4FA1F449281493870061A831 /* ContentView.swift in Sources */ = {isa = PBXBuildFile; fileRef = 4FA1F448281493860061A831 /* ContentView.swift */; };
		70CE3E812822F40100D216C0 /* ModelController.swift in Sources */ = {isa = PBXBuildFile; fileRef = 70CE3E802822F40100D216C0 /* ModelController.swift */; };
		70CE3E8928236F7900D216C0 /* ItineraryViewController.swift in Sources */ = {isa = PBXBuildFile; fileRef = 70CE3E8828236F7900D216C0 /* ItineraryViewController.swift */; };
		70CE3E8B2823702500D216C0 /* PlacesViewController.swift in Sources */ = {isa = PBXBuildFile; fileRef = 70CE3E8A2823702500D216C0 /* PlacesViewController.swift */; };
		70CE3E8D282370D000D216C0 /* LodgingViewController.swift in Sources */ = {isa = PBXBuildFile; fileRef = 70CE3E8C282370D000D216C0 /* LodgingViewController.swift */; };
		70CE3E8F2823719F00D216C0 /* FoodViewController.swift in Sources */ = {isa = PBXBuildFile; fileRef = 70CE3E8E2823719F00D216C0 /* FoodViewController.swift */; };
		70CE3E91282371C400D216C0 /* TransportationViewController.swift in Sources */ = {isa = PBXBuildFile; fileRef = 70CE3E90282371C400D216C0 /* TransportationViewController.swift */; };
		70CE3E932823720800D216C0 /* TripViewController.swift in Sources */ = {isa = PBXBuildFile; fileRef = 70CE3E922823720800D216C0 /* TripViewController.swift */; };
		70E0342928274566001412CE /* ActTableViewCell.swift in Sources */ = {isa = PBXBuildFile; fileRef = 70E0342828274566001412CE /* ActTableViewCell.swift */; };
		F90128B52814C09C009C0CB4 /* Main.storyboard in Resources */ = {isa = PBXBuildFile; fileRef = F90128B32814C09C009C0CB4 /* Main.storyboard */; };
		F92A9E812817616800443050 /* FeedViewController.swift in Sources */ = {isa = PBXBuildFile; fileRef = F92A9E802817616800443050 /* FeedViewController.swift */; };
		F92A9E83281761B000443050 /* LoginViewController.swift in Sources */ = {isa = PBXBuildFile; fileRef = F92A9E82281761B000443050 /* LoginViewController.swift */; };
		F957076D2824C353004F1A96 /* PlacesTableViewCell.swift in Sources */ = {isa = PBXBuildFile; fileRef = F957076C2824C353004F1A96 /* PlacesTableViewCell.swift */; };
		F957076F2824CDA1004F1A96 /* FoodTableViewCell.swift in Sources */ = {isa = PBXBuildFile; fileRef = F957076E2824CDA1004F1A96 /* FoodTableViewCell.swift */; };
		F95707712824D215004F1A96 /* LodgingTableViewCell.swift in Sources */ = {isa = PBXBuildFile; fileRef = F95707702824D215004F1A96 /* LodgingTableViewCell.swift */; };
		F97580CE281F759400C1A929 /* RegisterViewController.swift in Sources */ = {isa = PBXBuildFile; fileRef = F97580CD281F759400C1A929 /* RegisterViewController.swift */; };
		F9AD1C7628274554000BA308 /* TransportationDetailsViewController.swift in Sources */ = {isa = PBXBuildFile; fileRef = F9AD1C7528274554000BA308 /* TransportationDetailsViewController.swift */; };
		F9BCEE772824DB1D00BE59CC /* TransportationTableViewCell.swift in Sources */ = {isa = PBXBuildFile; fileRef = F9BCEE762824DB1D00BE59CC /* TransportationTableViewCell.swift */; };
		F9C03F8D2826027700699590 /* PlacesDetailsViewController.swift in Sources */ = {isa = PBXBuildFile; fileRef = F9C03F8C2826027700699590 /* PlacesDetailsViewController.swift */; };
		F9C03F8F2826140500699590 /* FoodDetailViewController.swift in Sources */ = {isa = PBXBuildFile; fileRef = F9C03F8E2826140500699590 /* FoodDetailViewController.swift */; };
		F9C03F9128261B7300699590 /* LodgingDetailsViewController.swift in Sources */ = {isa = PBXBuildFile; fileRef = F9C03F9028261B7300699590 /* LodgingDetailsViewController.swift */; };
		F9E9F3CB2814B1F800404B32 /* Login.storyboard in Resources */ = {isa = PBXBuildFile; fileRef = F9E9F3CA2814B1F800404B32 /* Login.storyboard */; };
/* End PBXBuildFile section */

/* Begin PBXFileReference section */
		4F567821280E1A3400E98764 /* VacayToday.app */ = {isa = PBXFileReference; explicitFileType = wrapper.application; includeInIndex = 0; path = VacayToday.app; sourceTree = BUILT_PRODUCTS_DIR; };
		4F567824280E1A3400E98764 /* AppDelegate.swift */ = {isa = PBXFileReference; lastKnownFileType = sourcecode.swift; path = AppDelegate.swift; sourceTree = "<group>"; };
		4F567826280E1A3400E98764 /* SceneDelegate.swift */ = {isa = PBXFileReference; lastKnownFileType = sourcecode.swift; path = SceneDelegate.swift; sourceTree = "<group>"; };
		4F567828280E1A3400E98764 /* ViewController.swift */ = {isa = PBXFileReference; lastKnownFileType = sourcecode.swift; path = ViewController.swift; sourceTree = "<group>"; };
		4F56782D280E1A3600E98764 /* Assets.xcassets */ = {isa = PBXFileReference; lastKnownFileType = folder.assetcatalog; path = Assets.xcassets; sourceTree = "<group>"; };
		4F567830280E1A3600E98764 /* Base */ = {isa = PBXFileReference; lastKnownFileType = file.storyboard; name = Base; path = Base.lproj/LaunchScreen.storyboard; sourceTree = "<group>"; };
		4F567832280E1A3600E98764 /* Info.plist */ = {isa = PBXFileReference; lastKnownFileType = text.plist.xml; path = Info.plist; sourceTree = "<group>"; };
		4F567838280E22A300E98764 /* Trip Detail.storyboard */ = {isa = PBXFileReference; lastKnownFileType = file.storyboard; path = "Trip Detail.storyboard"; sourceTree = "<group>"; };
		4F56783C280E2FD400E98764 /* Poppins */ = {isa = PBXFileReference; lastKnownFileType = folder; path = Poppins; sourceTree = "<group>"; };
		4FA1F448281493860061A831 /* ContentView.swift */ = {isa = PBXFileReference; lastKnownFileType = sourcecode.swift; path = ContentView.swift; sourceTree = "<group>"; };
		70CE3E802822F40100D216C0 /* ModelController.swift */ = {isa = PBXFileReference; lastKnownFileType = sourcecode.swift; path = ModelController.swift; sourceTree = "<group>"; };
		70CE3E8828236F7900D216C0 /* ItineraryViewController.swift */ = {isa = PBXFileReference; lastKnownFileType = sourcecode.swift; path = ItineraryViewController.swift; sourceTree = "<group>"; };
		70CE3E8A2823702500D216C0 /* PlacesViewController.swift */ = {isa = PBXFileReference; lastKnownFileType = sourcecode.swift; path = PlacesViewController.swift; sourceTree = "<group>"; };
		70CE3E8C282370D000D216C0 /* LodgingViewController.swift */ = {isa = PBXFileReference; lastKnownFileType = sourcecode.swift; path = LodgingViewController.swift; sourceTree = "<group>"; };
		70CE3E8E2823719F00D216C0 /* FoodViewController.swift */ = {isa = PBXFileReference; lastKnownFileType = sourcecode.swift; path = FoodViewController.swift; sourceTree = "<group>"; };
		70CE3E90282371C400D216C0 /* TransportationViewController.swift */ = {isa = PBXFileReference; lastKnownFileType = sourcecode.swift; path = TransportationViewController.swift; sourceTree = "<group>"; };
		70CE3E922823720800D216C0 /* TripViewController.swift */ = {isa = PBXFileReference; lastKnownFileType = sourcecode.swift; path = TripViewController.swift; sourceTree = "<group>"; };
		70E0342828274566001412CE /* ActTableViewCell.swift */ = {isa = PBXFileReference; lastKnownFileType = sourcecode.swift; path = ActTableViewCell.swift; sourceTree = "<group>"; };
		F90128B42814C09C009C0CB4 /* Base */ = {isa = PBXFileReference; lastKnownFileType = file.storyboard; name = Base; path = Base.lproj/Main.storyboard; sourceTree = "<group>"; };
		F92A9E802817616800443050 /* FeedViewController.swift */ = {isa = PBXFileReference; lastKnownFileType = sourcecode.swift; path = FeedViewController.swift; sourceTree = "<group>"; };
		F92A9E82281761B000443050 /* LoginViewController.swift */ = {isa = PBXFileReference; lastKnownFileType = sourcecode.swift; path = LoginViewController.swift; sourceTree = "<group>"; };
		F957076C2824C353004F1A96 /* PlacesTableViewCell.swift */ = {isa = PBXFileReference; lastKnownFileType = sourcecode.swift; path = PlacesTableViewCell.swift; sourceTree = "<group>"; };
		F957076E2824CDA1004F1A96 /* FoodTableViewCell.swift */ = {isa = PBXFileReference; lastKnownFileType = sourcecode.swift; path = FoodTableViewCell.swift; sourceTree = "<group>"; };
		F95707702824D215004F1A96 /* LodgingTableViewCell.swift */ = {isa = PBXFileReference; lastKnownFileType = sourcecode.swift; path = LodgingTableViewCell.swift; sourceTree = "<group>"; };
		F97580CD281F759400C1A929 /* RegisterViewController.swift */ = {isa = PBXFileReference; lastKnownFileType = sourcecode.swift; path = RegisterViewController.swift; sourceTree = "<group>"; };
		F9AD1C7528274554000BA308 /* TransportationDetailsViewController.swift */ = {isa = PBXFileReference; lastKnownFileType = sourcecode.swift; path = TransportationDetailsViewController.swift; sourceTree = "<group>"; };
		F9BCEE762824DB1D00BE59CC /* TransportationTableViewCell.swift */ = {isa = PBXFileReference; lastKnownFileType = sourcecode.swift; path = TransportationTableViewCell.swift; sourceTree = "<group>"; };
		F9C03F8C2826027700699590 /* PlacesDetailsViewController.swift */ = {isa = PBXFileReference; lastKnownFileType = sourcecode.swift; path = PlacesDetailsViewController.swift; sourceTree = "<group>"; };
		F9C03F8E2826140500699590 /* FoodDetailViewController.swift */ = {isa = PBXFileReference; lastKnownFileType = sourcecode.swift; path = FoodDetailViewController.swift; sourceTree = "<group>"; };
		F9C03F9028261B7300699590 /* LodgingDetailsViewController.swift */ = {isa = PBXFileReference; lastKnownFileType = sourcecode.swift; path = LodgingDetailsViewController.swift; sourceTree = "<group>"; };
		F9E9F3CA2814B1F800404B32 /* Login.storyboard */ = {isa = PBXFileReference; lastKnownFileType = file.storyboard; path = Login.storyboard; sourceTree = "<group>"; };
/* End PBXFileReference section */

/* Begin PBXFrameworksBuildPhase section */
		4F56781E280E1A3400E98764 /* Frameworks */ = {
			isa = PBXFrameworksBuildPhase;
			buildActionMask = 2147483647;
			files = (
			);
			runOnlyForDeploymentPostprocessing = 0;
		};
/* End PBXFrameworksBuildPhase section */

/* Begin PBXGroup section */
		4F567818280E1A3400E98764 = {
			isa = PBXGroup;
			children = (
				4F567823280E1A3400E98764 /* VacayToday */,
				4F567822280E1A3400E98764 /* Products */,
			);
			sourceTree = "<group>";
		};
		4F567822280E1A3400E98764 /* Products */ = {
			isa = PBXGroup;
			children = (
				4F567821280E1A3400E98764 /* VacayToday.app */,
			);
			name = Products;
			sourceTree = "<group>";
		};
		4F567823280E1A3400E98764 /* VacayToday */ = {
			isa = PBXGroup;
			children = (
				4F567824280E1A3400E98764 /* AppDelegate.swift */,
				70E0342828274566001412CE /* ActTableViewCell.swift */,
				4F567826280E1A3400E98764 /* SceneDelegate.swift */,
				4F567828280E1A3400E98764 /* ViewController.swift */,
				4FA1F448281493860061A831 /* ContentView.swift */,
				70CE3E922823720800D216C0 /* TripViewController.swift */,
				70CE3E90282371C400D216C0 /* TransportationViewController.swift */,
				F9BCEE762824DB1D00BE59CC /* TransportationTableViewCell.swift */,
				F9AD1C7528274554000BA308 /* TransportationDetailsViewController.swift */,
				70CE3E8E2823719F00D216C0 /* FoodViewController.swift */,
				F957076E2824CDA1004F1A96 /* FoodTableViewCell.swift */,
				F9C03F8E2826140500699590 /* FoodDetailViewController.swift */,
				F9E9F3CA2814B1F800404B32 /* Login.storyboard */,
				70CE3E8C282370D000D216C0 /* LodgingViewController.swift */,
				F95707702824D215004F1A96 /* LodgingTableViewCell.swift */,
				F9C03F9028261B7300699590 /* LodgingDetailsViewController.swift */,
				70CE3E8A2823702500D216C0 /* PlacesViewController.swift */,
				F957076C2824C353004F1A96 /* PlacesTableViewCell.swift */,
				F9C03F8C2826027700699590 /* PlacesDetailsViewController.swift */,
				70CE3E8828236F7900D216C0 /* ItineraryViewController.swift */,
				70CE3E802822F40100D216C0 /* ModelController.swift */,
				F90128B32814C09C009C0CB4 /* Main.storyboard */,
				4F56782D280E1A3600E98764 /* Assets.xcassets */,
				4F56782F280E1A3600E98764 /* LaunchScreen.storyboard */,
				4F567832280E1A3600E98764 /* Info.plist */,
				4F567838280E22A300E98764 /* Trip Detail.storyboard */,
				4F56783C280E2FD400E98764 /* Poppins */,
				F92A9E802817616800443050 /* FeedViewController.swift */,
				F92A9E82281761B000443050 /* LoginViewController.swift */,
				F97580CD281F759400C1A929 /* RegisterViewController.swift */,
			);
			path = VacayToday;
			sourceTree = "<group>";
		};
/* End PBXGroup section */

/* Begin PBXNativeTarget section */
		4F567820280E1A3400E98764 /* VacayToday */ = {
			isa = PBXNativeTarget;
			buildConfigurationList = 4F567835280E1A3600E98764 /* Build configuration list for PBXNativeTarget "VacayToday" */;
			buildPhases = (
				4F56781D280E1A3400E98764 /* Sources */,
				4F56781E280E1A3400E98764 /* Frameworks */,
				4F56781F280E1A3400E98764 /* Resources */,
			);
			buildRules = (
			);
			dependencies = (
			);
			name = VacayToday;
			productName = VacayToday;
			productReference = 4F567821280E1A3400E98764 /* VacayToday.app */;
			productType = "com.apple.product-type.application";
		};
/* End PBXNativeTarget section */

/* Begin PBXProject section */
		4F567819280E1A3400E98764 /* Project object */ = {
			isa = PBXProject;
			attributes = {
				BuildIndependentTargetsInParallel = 1;
				LastSwiftUpdateCheck = 1330;
				LastUpgradeCheck = 1330;
				TargetAttributes = {
					4F567820280E1A3400E98764 = {
						CreatedOnToolsVersion = 13.3.1;
					};
				};
			};
			buildConfigurationList = 4F56781C280E1A3400E98764 /* Build configuration list for PBXProject "VacayToday" */;
			compatibilityVersion = "Xcode 13.0";
			developmentRegion = en;
			hasScannedForEncodings = 0;
			knownRegions = (
				en,
				Base,
			);
			mainGroup = 4F567818280E1A3400E98764;
			productRefGroup = 4F567822280E1A3400E98764 /* Products */;
			projectDirPath = "";
			projectRoot = "";
			targets = (
				4F567820280E1A3400E98764 /* VacayToday */,
			);
		};
/* End PBXProject section */

/* Begin PBXResourcesBuildPhase section */
		4F56781F280E1A3400E98764 /* Resources */ = {
			isa = PBXResourcesBuildPhase;
			buildActionMask = 2147483647;
			files = (
				4F56783D280E2FD400E98764 /* Poppins in Resources */,
				4F567831280E1A3600E98764 /* LaunchScreen.storyboard in Resources */,
				4F56782E280E1A3600E98764 /* Assets.xcassets in Resources */,
				F90128B52814C09C009C0CB4 /* Main.storyboard in Resources */,
				4F567839280E22A300E98764 /* Trip Detail.storyboard in Resources */,
				F9E9F3CB2814B1F800404B32 /* Login.storyboard in Resources */,
			);
			runOnlyForDeploymentPostprocessing = 0;
		};
/* End PBXResourcesBuildPhase section */

/* Begin PBXSourcesBuildPhase section */
		4F56781D280E1A3400E98764 /* Sources */ = {
			isa = PBXSourcesBuildPhase;
			buildActionMask = 2147483647;
			files = (
				F92A9E83281761B000443050 /* LoginViewController.swift in Sources */,
				4F567829280E1A3400E98764 /* ViewController.swift in Sources */,
				70CE3E91282371C400D216C0 /* TransportationViewController.swift in Sources */,
				70CE3E8B2823702500D216C0 /* PlacesViewController.swift in Sources */,
				70CE3E8D282370D000D216C0 /* LodgingViewController.swift in Sources */,
				70E0342928274566001412CE /* ActTableViewCell.swift in Sources */,
				F97580CE281F759400C1A929 /* RegisterViewController.swift in Sources */,
				F9C03F8D2826027700699590 /* PlacesDetailsViewController.swift in Sources */,
				4F567825280E1A3400E98764 /* AppDelegate.swift in Sources */,
				F957076F2824CDA1004F1A96 /* FoodTableViewCell.swift in Sources */,
				F92A9E812817616800443050 /* FeedViewController.swift in Sources */,
				F95707712824D215004F1A96 /* LodgingTableViewCell.swift in Sources */,
				70CE3E812822F40100D216C0 /* ModelController.swift in Sources */,
				70CE3E932823720800D216C0 /* TripViewController.swift in Sources */,
				F9C03F9128261B7300699590 /* LodgingDetailsViewController.swift in Sources */,
				70CE3E8928236F7900D216C0 /* ItineraryViewController.swift in Sources */,
				F9C03F8F2826140500699590 /* FoodDetailViewController.swift in Sources */,
				4FA1F449281493870061A831 /* ContentView.swift in Sources */,
				70CE3E8F2823719F00D216C0 /* FoodViewController.swift in Sources */,
				4F567827280E1A3400E98764 /* SceneDelegate.swift in Sources */,
				F9BCEE772824DB1D00BE59CC /* TransportationTableViewCell.swift in Sources */,
				F9AD1C7628274554000BA308 /* TransportationDetailsViewController.swift in Sources */,
				F957076D2824C353004F1A96 /* PlacesTableViewCell.swift in Sources */,
			);
			runOnlyForDeploymentPostprocessing = 0;
		};
/* End PBXSourcesBuildPhase section */

/* Begin PBXVariantGroup section */
		4F56782F280E1A3600E98764 /* LaunchScreen.storyboard */ = {
			isa = PBXVariantGroup;
			children = (
				4F567830280E1A3600E98764 /* Base */,
			);
			name = LaunchScreen.storyboard;
			sourceTree = "<group>";
		};
		F90128B32814C09C009C0CB4 /* Main.storyboard */ = {
			isa = PBXVariantGroup;
			children = (
				F90128B42814C09C009C0CB4 /* Base */,
			);
			name = Main.storyboard;
			sourceTree = "<group>";
		};
/* End PBXVariantGroup section */

/* Begin XCBuildConfiguration section */
		4F567833280E1A3600E98764 /* Debug */ = {
			isa = XCBuildConfiguration;
			buildSettings = {
				ALWAYS_SEARCH_USER_PATHS = NO;
				CLANG_ANALYZER_NONNULL = YES;
				CLANG_ANALYZER_NUMBER_OBJECT_CONVERSION = YES_AGGRESSIVE;
				CLANG_CXX_LANGUAGE_STANDARD = "gnu++17";
				CLANG_ENABLE_MODULES = YES;
				CLANG_ENABLE_OBJC_ARC = YES;
				CLANG_ENABLE_OBJC_WEAK = YES;
				CLANG_WARN_BLOCK_CAPTURE_AUTORELEASING = YES;
				CLANG_WARN_BOOL_CONVERSION = YES;
				CLANG_WARN_COMMA = YES;
				CLANG_WARN_CONSTANT_CONVERSION = YES;
				CLANG_WARN_DEPRECATED_OBJC_IMPLEMENTATIONS = YES;
				CLANG_WARN_DIRECT_OBJC_ISA_USAGE = YES_ERROR;
				CLANG_WARN_DOCUMENTATION_COMMENTS = YES;
				CLANG_WARN_EMPTY_BODY = YES;
				CLANG_WARN_ENUM_CONVERSION = YES;
				CLANG_WARN_INFINITE_RECURSION = YES;
				CLANG_WARN_INT_CONVERSION = YES;
				CLANG_WARN_NON_LITERAL_NULL_CONVERSION = YES;
				CLANG_WARN_OBJC_IMPLICIT_RETAIN_SELF = YES;
				CLANG_WARN_OBJC_LITERAL_CONVERSION = YES;
				CLANG_WARN_OBJC_ROOT_CLASS = YES_ERROR;
				CLANG_WARN_QUOTED_INCLUDE_IN_FRAMEWORK_HEADER = YES;
				CLANG_WARN_RANGE_LOOP_ANALYSIS = YES;
				CLANG_WARN_STRICT_PROTOTYPES = YES;
				CLANG_WARN_SUSPICIOUS_MOVE = YES;
				CLANG_WARN_UNGUARDED_AVAILABILITY = YES_AGGRESSIVE;
				CLANG_WARN_UNREACHABLE_CODE = YES;
				CLANG_WARN__DUPLICATE_METHOD_MATCH = YES;
				COPY_PHASE_STRIP = NO;
				DEBUG_INFORMATION_FORMAT = dwarf;
				ENABLE_STRICT_OBJC_MSGSEND = YES;
				ENABLE_TESTABILITY = YES;
				GCC_C_LANGUAGE_STANDARD = gnu11;
				GCC_DYNAMIC_NO_PIC = NO;
				GCC_NO_COMMON_BLOCKS = YES;
				GCC_OPTIMIZATION_LEVEL = 0;
				GCC_PREPROCESSOR_DEFINITIONS = (
					"DEBUG=1",
					"$(inherited)",
				);
				GCC_WARN_64_TO_32_BIT_CONVERSION = YES;
				GCC_WARN_ABOUT_RETURN_TYPE = YES_ERROR;
				GCC_WARN_UNDECLARED_SELECTOR = YES;
				GCC_WARN_UNINITIALIZED_AUTOS = YES_AGGRESSIVE;
				GCC_WARN_UNUSED_FUNCTION = YES;
				GCC_WARN_UNUSED_VARIABLE = YES;
				IPHONEOS_DEPLOYMENT_TARGET = 15.4;
				MTL_ENABLE_DEBUG_INFO = INCLUDE_SOURCE;
				MTL_FAST_MATH = YES;
				ONLY_ACTIVE_ARCH = YES;
				SDKROOT = iphoneos;
				SWIFT_ACTIVE_COMPILATION_CONDITIONS = DEBUG;
				SWIFT_OPTIMIZATION_LEVEL = "-Onone";
			};
			name = Debug;
		};
		4F567834280E1A3600E98764 /* Release */ = {
			isa = XCBuildConfiguration;
			buildSettings = {
				ALWAYS_SEARCH_USER_PATHS = NO;
				CLANG_ANALYZER_NONNULL = YES;
				CLANG_ANALYZER_NUMBER_OBJECT_CONVERSION = YES_AGGRESSIVE;
				CLANG_CXX_LANGUAGE_STANDARD = "gnu++17";
				CLANG_ENABLE_MODULES = YES;
				CLANG_ENABLE_OBJC_ARC = YES;
				CLANG_ENABLE_OBJC_WEAK = YES;
				CLANG_WARN_BLOCK_CAPTURE_AUTORELEASING = YES;
				CLANG_WARN_BOOL_CONVERSION = YES;
				CLANG_WARN_COMMA = YES;
				CLANG_WARN_CONSTANT_CONVERSION = YES;
				CLANG_WARN_DEPRECATED_OBJC_IMPLEMENTATIONS = YES;
				CLANG_WARN_DIRECT_OBJC_ISA_USAGE = YES_ERROR;
				CLANG_WARN_DOCUMENTATION_COMMENTS = YES;
				CLANG_WARN_EMPTY_BODY = YES;
				CLANG_WARN_ENUM_CONVERSION = YES;
				CLANG_WARN_INFINITE_RECURSION = YES;
				CLANG_WARN_INT_CONVERSION = YES;
				CLANG_WARN_NON_LITERAL_NULL_CONVERSION = YES;
				CLANG_WARN_OBJC_IMPLICIT_RETAIN_SELF = YES;
				CLANG_WARN_OBJC_LITERAL_CONVERSION = YES;
				CLANG_WARN_OBJC_ROOT_CLASS = YES_ERROR;
				CLANG_WARN_QUOTED_INCLUDE_IN_FRAMEWORK_HEADER = YES;
				CLANG_WARN_RANGE_LOOP_ANALYSIS = YES;
				CLANG_WARN_STRICT_PROTOTYPES = YES;
				CLANG_WARN_SUSPICIOUS_MOVE = YES;
				CLANG_WARN_UNGUARDED_AVAILABILITY = YES_AGGRESSIVE;
				CLANG_WARN_UNREACHABLE_CODE = YES;
				CLANG_WARN__DUPLICATE_METHOD_MATCH = YES;
				COPY_PHASE_STRIP = NO;
				DEBUG_INFORMATION_FORMAT = "dwarf-with-dsym";
				ENABLE_NS_ASSERTIONS = NO;
				ENABLE_STRICT_OBJC_MSGSEND = YES;
				GCC_C_LANGUAGE_STANDARD = gnu11;
				GCC_NO_COMMON_BLOCKS = YES;
				GCC_WARN_64_TO_32_BIT_CONVERSION = YES;
				GCC_WARN_ABOUT_RETURN_TYPE = YES_ERROR;
				GCC_WARN_UNDECLARED_SELECTOR = YES;
				GCC_WARN_UNINITIALIZED_AUTOS = YES_AGGRESSIVE;
				GCC_WARN_UNUSED_FUNCTION = YES;
				GCC_WARN_UNUSED_VARIABLE = YES;
				IPHONEOS_DEPLOYMENT_TARGET = 15.4;
				MTL_ENABLE_DEBUG_INFO = NO;
				MTL_FAST_MATH = YES;
				SDKROOT = iphoneos;
				SWIFT_COMPILATION_MODE = wholemodule;
				SWIFT_OPTIMIZATION_LEVEL = "-O";
				VALIDATE_PRODUCT = YES;
			};
			name = Release;
		};
		4F567836280E1A3600E98764 /* Debug */ = {
			isa = XCBuildConfiguration;
			buildSettings = {
				ASSETCATALOG_COMPILER_APPICON_NAME = AppIcon;
				ASSETCATALOG_COMPILER_GLOBAL_ACCENT_COLOR_NAME = AccentColor;
				CODE_SIGN_STYLE = Automatic;
				CURRENT_PROJECT_VERSION = 1;
				DEVELOPMENT_TEAM = 82PL4GFN47;
				GENERATE_INFOPLIST_FILE = YES;
				INFOPLIST_FILE = VacayToday/Info.plist;
				INFOPLIST_KEY_UIApplicationSupportsIndirectInputEvents = YES;
				INFOPLIST_KEY_UILaunchStoryboardName = LaunchScreen;
				INFOPLIST_KEY_UIMainStoryboardFile = Login;
				INFOPLIST_KEY_UISupportedInterfaceOrientations = UIInterfaceOrientationPortrait;
				INFOPLIST_KEY_UISupportedInterfaceOrientations_iPad = "UIInterfaceOrientationPortrait UIInterfaceOrientationPortraitUpsideDown UIInterfaceOrientationLandscapeLeft UIInterfaceOrientationLandscapeRight";
				INFOPLIST_KEY_UISupportedInterfaceOrientations_iPhone = "UIInterfaceOrientationPortrait UIInterfaceOrientationLandscapeLeft UIInterfaceOrientationLandscapeRight";
				IPHONEOS_DEPLOYMENT_TARGET = 15.2;
				LD_RUNPATH_SEARCH_PATHS = (
					"$(inherited)",
					"@executable_path/Frameworks",
				);
				MARKETING_VERSION = 1.0;
				PRODUCT_BUNDLE_IDENTIFIER = edu.vassar.codepath.VacayToday;
				PRODUCT_NAME = "$(TARGET_NAME)";
				SWIFT_EMIT_LOC_STRINGS = YES;
				SWIFT_VERSION = 5.0;
				TARGETED_DEVICE_FAMILY = "1,2";
			};
			name = Debug;
		};
		4F567837280E1A3600E98764 /* Release */ = {
			isa = XCBuildConfiguration;
			buildSettings = {
				ASSETCATALOG_COMPILER_APPICON_NAME = AppIcon;
				ASSETCATALOG_COMPILER_GLOBAL_ACCENT_COLOR_NAME = AccentColor;
				CODE_SIGN_STYLE = Automatic;
				CURRENT_PROJECT_VERSION = 1;
				DEVELOPMENT_TEAM = 82PL4GFN47;
				GENERATE_INFOPLIST_FILE = YES;
				INFOPLIST_FILE = VacayToday/Info.plist;
				INFOPLIST_KEY_UIApplicationSupportsIndirectInputEvents = YES;
				INFOPLIST_KEY_UILaunchStoryboardName = LaunchScreen;
				INFOPLIST_KEY_UIMainStoryboardFile = Login;
				INFOPLIST_KEY_UISupportedInterfaceOrientations = UIInterfaceOrientationPortrait;
				INFOPLIST_KEY_UISupportedInterfaceOrientations_iPad = "UIInterfaceOrientationPortrait UIInterfaceOrientationPortraitUpsideDown UIInterfaceOrientationLandscapeLeft UIInterfaceOrientationLandscapeRight";
				INFOPLIST_KEY_UISupportedInterfaceOrientations_iPhone = "UIInterfaceOrientationPortrait UIInterfaceOrientationLandscapeLeft UIInterfaceOrientationLandscapeRight";
				IPHONEOS_DEPLOYMENT_TARGET = 15.2;
				LD_RUNPATH_SEARCH_PATHS = (
					"$(inherited)",
					"@executable_path/Frameworks",
				);
				MARKETING_VERSION = 1.0;
				PRODUCT_BUNDLE_IDENTIFIER = edu.vassar.codepath.VacayToday;
				PRODUCT_NAME = "$(TARGET_NAME)";
				SWIFT_EMIT_LOC_STRINGS = YES;
				SWIFT_VERSION = 5.0;
				TARGETED_DEVICE_FAMILY = "1,2";
			};
			name = Release;
		};
/* End XCBuildConfiguration section */

/* Begin XCConfigurationList section */
		4F56781C280E1A3400E98764 /* Build configuration list for PBXProject "VacayToday" */ = {
			isa = XCConfigurationList;
			buildConfigurations = (
				4F567833280E1A3600E98764 /* Debug */,
				4F567834280E1A3600E98764 /* Release */,
			);
			defaultConfigurationIsVisible = 0;
			defaultConfigurationName = Release;
		};
		4F567835280E1A3600E98764 /* Build configuration list for PBXNativeTarget "VacayToday" */ = {
			isa = XCConfigurationList;
			buildConfigurations = (
				4F567836280E1A3600E98764 /* Debug */,
				4F567837280E1A3600E98764 /* Release */,
			);
			defaultConfigurationIsVisible = 0;
			defaultConfigurationName = Release;
		};
/* End XCConfigurationList section */
	};
	rootObject = 4F567819280E1A3400E98764 /* Project object */;
}
